
Microsoft Visual Studio Solution File, Format Version 12.00
# Visual Studio Version 17
VisualStudioVersion = 17.7.34018.315
MinimumVisualStudioVersion = 10.0.40219.1
Project("{FAE04EC0-301F-11D3-BF4B-00C04F79EFBC}") = "StudentGradeSys", "StudentGradeSys.csproj", "{C73477C2-BD65-4CE2-BFF6-7FCD4D659D7A}"
EndProject
Global
	GlobalSection(SolutionConfigurationPlatforms) = preSolution
		Debug|Any CPU = Debug|Any CPU
		Release|Any CPU = Release|Any CPU
	EndGlobalSection
	GlobalSection(ProjectConfigurationPlatforms) = postSolution
		{C73477C2-BD65-4CE2-BFF6-7FCD4D659D7A}.Debug|Any CPU.ActiveCfg = Debug|Any CPU
		{C73477C2-BD65-4CE2-BFF6-7FCD4D659D7A}.Debug|Any CPU.Build.0 = Debug|Any CPU
		{C73477C2-BD65-4CE2-BFF6-7FCD4D659D7A}.Release|Any CPU.ActiveCfg = Release|Any CPU
		{C73477C2-BD65-4CE2-BFF6-7FCD4D659D7A}.Release|Any CPU.Build.0 = Release|Any CPU
	EndGlobalSection
	GlobalSection(SolutionProperties) = preSolution
		HideSolutionNode = FALSE
	EndGlobalSection
	GlobalSection(ExtensibilityGlobals) = postSolution
		SolutionGuid = {738E89D7-73EE-42F4-8365-B6D048B583A5}
	EndGlobalSection
EndGlobal
